// !$*UTF8*$!
{
	archiveVersion = 1;
	classes = {
	};
	objectVersion = 50;
	objects = {

/* Begin PBXBuildFile section */
		D15658C12682032F007EDBF6 /* AppDelegate.swift in Sources */ = {isa = PBXBuildFile; fileRef = D15658C02682032F007EDBF6 /* AppDelegate.swift */; };
		D15658C32682032F007EDBF6 /* SceneDelegate.swift in Sources */ = {isa = PBXBuildFile; fileRef = D15658C22682032F007EDBF6 /* SceneDelegate.swift */; };
		D15658C52682032F007EDBF6 /* ViewController.swift in Sources */ = {isa = PBXBuildFile; fileRef = D15658C42682032F007EDBF6 /* ViewController.swift */; };
		D15658C82682032F007EDBF6 /* Main.storyboard in Resources */ = {isa = PBXBuildFile; fileRef = D15658C62682032F007EDBF6 /* Main.storyboard */; };
		D15658CA26820331007EDBF6 /* Assets.xcassets in Resources */ = {isa = PBXBuildFile; fileRef = D15658C926820331007EDBF6 /* Assets.xcassets */; };
		D15658CD26820331007EDBF6 /* LaunchScreen.storyboard in Resources */ = {isa = PBXBuildFile; fileRef = D15658CB26820331007EDBF6 /* LaunchScreen.storyboard */; };
		D15658D826820332007EDBF6 /* ProximityAirQualityMonitorTests.swift in Sources */ = {isa = PBXBuildFile; fileRef = D15658D726820332007EDBF6 /* ProximityAirQualityMonitorTests.swift */; };
		D15658E326820332007EDBF6 /* ProximityAirQualityMonitorUITests.swift in Sources */ = {isa = PBXBuildFile; fileRef = D15658E226820332007EDBF6 /* ProximityAirQualityMonitorUITests.swift */; };
/* End PBXBuildFile section */

/* Begin PBXContainerItemProxy section */
		D15658D426820332007EDBF6 /* PBXContainerItemProxy */ = {
			isa = PBXContainerItemProxy;
			containerPortal = D15658B52682032F007EDBF6 /* Project object */;
			proxyType = 1;
			remoteGlobalIDString = D15658BC2682032F007EDBF6;
			remoteInfo = ProximityAirQualityMonitor;
		};
		D15658DF26820332007EDBF6 /* PBXContainerItemProxy */ = {
			isa = PBXContainerItemProxy;
			containerPortal = D15658B52682032F007EDBF6 /* Project object */;
			proxyType = 1;
			remoteGlobalIDString = D15658BC2682032F007EDBF6;
			remoteInfo = ProximityAirQualityMonitor;
		};
/* End PBXContainerItemProxy section */

/* Begin PBXFileReference section */
		D15658BD2682032F007EDBF6 /* ProximityAirQualityMonitor.app */ = {isa = PBXFileReference; explicitFileType = wrapper.application; includeInIndex = 0; path = ProximityAirQualityMonitor.app; sourceTree = BUILT_PRODUCTS_DIR; };
		D15658C02682032F007EDBF6 /* AppDelegate.swift */ = {isa = PBXFileReference; lastKnownFileType = sourcecode.swift; path = AppDelegate.swift; sourceTree = "<group>"; };
		D15658C22682032F007EDBF6 /* SceneDelegate.swift */ = {isa = PBXFileReference; lastKnownFileType = sourcecode.swift; path = SceneDelegate.swift; sourceTree = "<group>"; };
		D15658C42682032F007EDBF6 /* ViewController.swift */ = {isa = PBXFileReference; lastKnownFileType = sourcecode.swift; path = ViewController.swift; sourceTree = "<group>"; };
		D15658C72682032F007EDBF6 /* Base */ = {isa = PBXFileReference; lastKnownFileType = file.storyboard; name = Base; path = Base.lproj/Main.storyboard; sourceTree = "<group>"; };
		D15658C926820331007EDBF6 /* Assets.xcassets */ = {isa = PBXFileReference; lastKnownFileType = folder.assetcatalog; path = Assets.xcassets; sourceTree = "<group>"; };
		D15658CC26820331007EDBF6 /* Base */ = {isa = PBXFileReference; lastKnownFileType = file.storyboard; name = Base; path = Base.lproj/LaunchScreen.storyboard; sourceTree = "<group>"; };
		D15658CE26820331007EDBF6 /* Info.plist */ = {isa = PBXFileReference; lastKnownFileType = text.plist.xml; path = Info.plist; sourceTree = "<group>"; };
		D15658D326820332007EDBF6 /* ProximityAirQualityMonitorTests.xctest */ = {isa = PBXFileReference; explicitFileType = wrapper.cfbundle; includeInIndex = 0; path = ProximityAirQualityMonitorTests.xctest; sourceTree = BUILT_PRODUCTS_DIR; };
		D15658D726820332007EDBF6 /* ProximityAirQualityMonitorTests.swift */ = {isa = PBXFileReference; lastKnownFileType = sourcecode.swift; path = ProximityAirQualityMonitorTests.swift; sourceTree = "<group>"; };
		D15658D926820332007EDBF6 /* Info.plist */ = {isa = PBXFileReference; lastKnownFileType = text.plist.xml; path = Info.plist; sourceTree = "<group>"; };
		D15658DE26820332007EDBF6 /* ProximityAirQualityMonitorUITests.xctest */ = {isa = PBXFileReference; explicitFileType = wrapper.cfbundle; includeInIndex = 0; path = ProximityAirQualityMonitorUITests.xctest; sourceTree = BUILT_PRODUCTS_DIR; };
		D15658E226820332007EDBF6 /* ProximityAirQualityMonitorUITests.swift */ = {isa = PBXFileReference; lastKnownFileType = sourcecode.swift; path = ProximityAirQualityMonitorUITests.swift; sourceTree = "<group>"; };
		D15658E426820332007EDBF6 /* Info.plist */ = {isa = PBXFileReference; lastKnownFileType = text.plist.xml; path = Info.plist; sourceTree = "<group>"; };
/* End PBXFileReference section */

/* Begin PBXFrameworksBuildPhase section */
		D15658BA2682032F007EDBF6 /* Frameworks */ = {
			isa = PBXFrameworksBuildPhase;
			buildActionMask = 2147483647;
			files = (
			);
			runOnlyForDeploymentPostprocessing = 0;
		};
		D15658D026820332007EDBF6 /* Frameworks */ = {
			isa = PBXFrameworksBuildPhase;
			buildActionMask = 2147483647;
			files = (
			);
			runOnlyForDeploymentPostprocessing = 0;
		};
		D15658DB26820332007EDBF6 /* Frameworks */ = {
			isa = PBXFrameworksBuildPhase;
			buildActionMask = 2147483647;
			files = (
			);
			runOnlyForDeploymentPostprocessing = 0;
		};
/* End PBXFrameworksBuildPhase section */

/* Begin PBXGroup section */
		D15658B42682032F007EDBF6 = {
			isa = PBXGroup;
			children = (
				D15658BF2682032F007EDBF6 /* ProximityAirQualityMonitor */,
				D15658D626820332007EDBF6 /* ProximityAirQualityMonitorTests */,
				D15658E126820332007EDBF6 /* ProximityAirQualityMonitorUITests */,
				D15658BE2682032F007EDBF6 /* Products */,
			);
			sourceTree = "<group>";
		};
		D15658BE2682032F007EDBF6 /* Products */ = {
			isa = PBXGroup;
			children = (
				D15658BD2682032F007EDBF6 /* ProximityAirQualityMonitor.app */,
				D15658D326820332007EDBF6 /* ProximityAirQualityMonitorTests.xctest */,
				D15658DE26820332007EDBF6 /* ProximityAirQualityMonitorUITests.xctest */,
			);
			name = Products;
			sourceTree = "<group>";
		};
		D15658BF2682032F007EDBF6 /* ProximityAirQualityMonitor */ = {
			isa = PBXGroup;
			children = (
				D15658C02682032F007EDBF6 /* AppDelegate.swift */,
				D15658C22682032F007EDBF6 /* SceneDelegate.swift */,
				D15658C42682032F007EDBF6 /* ViewController.swift */,
				D15658C62682032F007EDBF6 /* Main.storyboard */,
				D15658C926820331007EDBF6 /* Assets.xcassets */,
				D15658CB26820331007EDBF6 /* LaunchScreen.storyboard */,
				D15658CE26820331007EDBF6 /* Info.plist */,
			);
			path = ProximityAirQualityMonitor;
			sourceTree = "<group>";
		};
		D15658D626820332007EDBF6 /* ProximityAirQualityMonitorTests */ = {
			isa = PBXGroup;
			children = (
				D15658D726820332007EDBF6 /* ProximityAirQualityMonitorTests.swift */,
				D15658D926820332007EDBF6 /* Info.plist */,
			);
			path = ProximityAirQualityMonitorTests;
			sourceTree = "<group>";
		};
		D15658E126820332007EDBF6 /* ProximityAirQualityMonitorUITests */ = {
			isa = PBXGroup;
			children = (
				D15658E226820332007EDBF6 /* ProximityAirQualityMonitorUITests.swift */,
				D15658E426820332007EDBF6 /* Info.plist */,
			);
			path = ProximityAirQualityMonitorUITests;
			sourceTree = "<group>";
		};
/* End PBXGroup section */

/* Begin PBXNativeTarget section */
		D15658BC2682032F007EDBF6 /* ProximityAirQualityMonitor */ = {
			isa = PBXNativeTarget;
			buildConfigurationList = D15658E726820332007EDBF6 /* Build configuration list for PBXNativeTarget "ProximityAirQualityMonitor" */;
			buildPhases = (
				D15658B92682032F007EDBF6 /* Sources */,
				D15658BA2682032F007EDBF6 /* Frameworks */,
				D15658BB2682032F007EDBF6 /* Resources */,
			);
			buildRules = (
			);
			dependencies = (
			);
			name = ProximityAirQualityMonitor;
			productName = ProximityAirQualityMonitor;
			productReference = D15658BD2682032F007EDBF6 /* ProximityAirQualityMonitor.app */;
			productType = "com.apple.product-type.application";
		};
		D15658D226820332007EDBF6 /* ProximityAirQualityMonitorTests */ = {
			isa = PBXNativeTarget;
			buildConfigurationList = D15658EA26820332007EDBF6 /* Build configuration list for PBXNativeTarget "ProximityAirQualityMonitorTests" */;
			buildPhases = (
				D15658CF26820332007EDBF6 /* Sources */,
				D15658D026820332007EDBF6 /* Frameworks */,
				D15658D126820332007EDBF6 /* Resources */,
			);
			buildRules = (
			);
			dependencies = (
				D15658D526820332007EDBF6 /* PBXTargetDependency */,
			);
			name = ProximityAirQualityMonitorTests;
			productName = ProximityAirQualityMonitorTests;
			productReference = D15658D326820332007EDBF6 /* ProximityAirQualityMonitorTests.xctest */;
			productType = "com.apple.product-type.bundle.unit-test";
		};
		D15658DD26820332007EDBF6 /* ProximityAirQualityMonitorUITests */ = {
			isa = PBXNativeTarget;
			buildConfigurationList = D15658ED26820332007EDBF6 /* Build configuration list for PBXNativeTarget "ProximityAirQualityMonitorUITests" */;
			buildPhases = (
				D15658DA26820332007EDBF6 /* Sources */,
				D15658DB26820332007EDBF6 /* Frameworks */,
				D15658DC26820332007EDBF6 /* Resources */,
			);
			buildRules = (
			);
			dependencies = (
				D15658E026820332007EDBF6 /* PBXTargetDependency */,
			);
			name = ProximityAirQualityMonitorUITests;
			productName = ProximityAirQualityMonitorUITests;
			productReference = D15658DE26820332007EDBF6 /* ProximityAirQualityMonitorUITests.xctest */;
			productType = "com.apple.product-type.bundle.ui-testing";
		};
/* End PBXNativeTarget section */

/* Begin PBXProject section */
		D15658B52682032F007EDBF6 /* Project object */ = {
			isa = PBXProject;
			attributes = {
				LastSwiftUpdateCheck = 1250;
				LastUpgradeCheck = 1250;
				TargetAttributes = {
					D15658BC2682032F007EDBF6 = {
						CreatedOnToolsVersion = 12.5;
					};
					D15658D226820332007EDBF6 = {
						CreatedOnToolsVersion = 12.5;
						TestTargetID = D15658BC2682032F007EDBF6;
					};
					D15658DD26820332007EDBF6 = {
						CreatedOnToolsVersion = 12.5;
						TestTargetID = D15658BC2682032F007EDBF6;
					};
				};
			};
			buildConfigurationList = D15658B82682032F007EDBF6 /* Build configuration list for PBXProject "ProximityAirQualityMonitor" */;
			compatibilityVersion = "Xcode 9.3";
			developmentRegion = en;
			hasScannedForEncodings = 0;
			knownRegions = (
				en,
				Base,
			);
			mainGroup = D15658B42682032F007EDBF6;
			productRefGroup = D15658BE2682032F007EDBF6 /* Products */;
			projectDirPath = "";
			projectRoot = "";
			targets = (
				D15658BC2682032F007EDBF6 /* ProximityAirQualityMonitor */,
				D15658D226820332007EDBF6 /* ProximityAirQualityMonitorTests */,
				D15658DD26820332007EDBF6 /* ProximityAirQualityMonitorUITests */,
			);
		};
/* End PBXProject section */

/* Begin PBXResourcesBuildPhase section */
		D15658BB2682032F007EDBF6 /* Resources */ = {
			isa = PBXResourcesBuildPhase;
			buildActionMask = 2147483647;
			files = (
				D15658CD26820331007EDBF6 /* LaunchScreen.storyboard in Resources */,
				D15658CA26820331007EDBF6 /* Assets.xcassets in Resources */,
				D15658C82682032F007EDBF6 /* Main.storyboard in Resources */,
			);
			runOnlyForDeploymentPostprocessing = 0;
		};
		D15658D126820332007EDBF6 /* Resources */ = {
			isa = PBXResourcesBuildPhase;
			buildActionMask = 2147483647;
			files = (
			);
			runOnlyForDeploymentPostprocessing = 0;
		};
		D15658DC26820332007EDBF6 /* Resources */ = {
			isa = PBXResourcesBuildPhase;
			buildActionMask = 2147483647;
			files = (
			);
			runOnlyForDeploymentPostprocessing = 0;
		};
/* End PBXResourcesBuildPhase section */

/* Begin PBXSourcesBuildPhase section */
		D15658B92682032F007EDBF6 /* Sources */ = {
			isa = PBXSourcesBuildPhase;
			buildActionMask = 2147483647;
			files = (
				D15658C52682032F007EDBF6 /* ViewController.swift in Sources */,
				D15658C12682032F007EDBF6 /* AppDelegate.swift in Sources */,
				D15658C32682032F007EDBF6 /* SceneDelegate.swift in Sources */,
			);
			runOnlyForDeploymentPostprocessing = 0;
		};
		D15658CF26820332007EDBF6 /* Sources */ = {
			isa = PBXSourcesBuildPhase;
			buildActionMask = 2147483647;
			files = (
				D15658D826820332007EDBF6 /* ProximityAirQualityMonitorTests.swift in Sources */,
			);
			runOnlyForDeploymentPostprocessing = 0;
		};
		D15658DA26820332007EDBF6 /* Sources */ = {
			isa = PBXSourcesBuildPhase;
			buildActionMask = 2147483647;
			files = (
				D15658E326820332007EDBF6 /* ProximityAirQualityMonitorUITests.swift in Sources */,
			);
			runOnlyForDeploymentPostprocessing = 0;
		};
/* End PBXSourcesBuildPhase section */

/* Begin PBXTargetDependency section */
		D15658D526820332007EDBF6 /* PBXTargetDependency */ = {
			isa = PBXTargetDependency;
			target = D15658BC2682032F007EDBF6 /* ProximityAirQualityMonitor */;
			targetProxy = D15658D426820332007EDBF6 /* PBXContainerItemProxy */;
		};
		D15658E026820332007EDBF6 /* PBXTargetDependency */ = {
			isa = PBXTargetDependency;
			target = D15658BC2682032F007EDBF6 /* ProximityAirQualityMonitor */;
			targetProxy = D15658DF26820332007EDBF6 /* PBXContainerItemProxy */;
		};
/* End PBXTargetDependency section */

/* Begin PBXVariantGroup section */
		D15658C62682032F007EDBF6 /* Main.storyboard */ = {
			isa = PBXVariantGroup;
			children = (
				D15658C72682032F007EDBF6 /* Base */,
			);
			name = Main.storyboard;
			sourceTree = "<group>";
		};
		D15658CB26820331007EDBF6 /* LaunchScreen.storyboard */ = {
			isa = PBXVariantGroup;
			children = (
				D15658CC26820331007EDBF6 /* Base */,
			);
			name = LaunchScreen.storyboard;
			sourceTree = "<group>";
		};
/* End PBXVariantGroup section */

/* Begin XCBuildConfiguration section */
		D15658E526820332007EDBF6 /* Debug */ = {
			isa = XCBuildConfiguration;
			buildSettings = {
				ALWAYS_SEARCH_USER_PATHS = NO;
				CLANG_ANALYZER_NONNULL = YES;
				CLANG_ANALYZER_NUMBER_OBJECT_CONVERSION = YES_AGGRESSIVE;
				CLANG_CXX_LANGUAGE_STANDARD = "gnu++14";
				CLANG_CXX_LIBRARY = "libc++";
				CLANG_ENABLE_MODULES = YES;
				CLANG_ENABLE_OBJC_ARC = YES;
				CLANG_ENABLE_OBJC_WEAK = YES;
				CLANG_WARN_BLOCK_CAPTURE_AUTORELEASING = YES;
				CLANG_WARN_BOOL_CONVERSION = YES;
				CLANG_WARN_COMMA = YES;
				CLANG_WARN_CONSTANT_CONVERSION = YES;
				CLANG_WARN_DEPRECATED_OBJC_IMPLEMENTATIONS = YES;
				CLANG_WARN_DIRECT_OBJC_ISA_USAGE = YES_ERROR;
				CLANG_WARN_DOCUMENTATION_COMMENTS = YES;
				CLANG_WARN_EMPTY_BODY = YES;
				CLANG_WARN_ENUM_CONVERSION = YES;
				CLANG_WARN_INFINITE_RECURSION = YES;
				CLANG_WARN_INT_CONVERSION = YES;
				CLANG_WARN_NON_LITERAL_NULL_CONVERSION = YES;
				CLANG_WARN_OBJC_IMPLICIT_RETAIN_SELF = YES;
				CLANG_WARN_OBJC_LITERAL_CONVERSION = YES;
				CLANG_WARN_OBJC_ROOT_CLASS = YES_ERROR;
				CLANG_WARN_QUOTED_INCLUDE_IN_FRAMEWORK_HEADER = YES;
				CLANG_WARN_RANGE_LOOP_ANALYSIS = YES;
				CLANG_WARN_STRICT_PROTOTYPES = YES;
				CLANG_WARN_SUSPICIOUS_MOVE = YES;
				CLANG_WARN_UNGUARDED_AVAILABILITY = YES_AGGRESSIVE;
				CLANG_WARN_UNREACHABLE_CODE = YES;
				CLANG_WARN__DUPLICATE_METHOD_MATCH = YES;
				COPY_PHASE_STRIP = NO;
				DEBUG_INFORMATION_FORMAT = dwarf;
				ENABLE_STRICT_OBJC_MSGSEND = YES;
				ENABLE_TESTABILITY = YES;
				GCC_C_LANGUAGE_STANDARD = gnu11;
				GCC_DYNAMIC_NO_PIC = NO;
				GCC_NO_COMMON_BLOCKS = YES;
				GCC_OPTIMIZATION_LEVEL = 0;
				GCC_PREPROCESSOR_DEFINITIONS = (
					"DEBUG=1",
					"$(inherited)",
				);
				GCC_WARN_64_TO_32_BIT_CONVERSION = YES;
				GCC_WARN_ABOUT_RETURN_TYPE = YES_ERROR;
				GCC_WARN_UNDECLARED_SELECTOR = YES;
				GCC_WARN_UNINITIALIZED_AUTOS = YES_AGGRESSIVE;
				GCC_WARN_UNUSED_FUNCTION = YES;
				GCC_WARN_UNUSED_VARIABLE = YES;
				IPHONEOS_DEPLOYMENT_TARGET = 14.5;
				MTL_ENABLE_DEBUG_INFO = INCLUDE_SOURCE;
				MTL_FAST_MATH = YES;
				ONLY_ACTIVE_ARCH = YES;
				SDKROOT = iphoneos;
				SWIFT_ACTIVE_COMPILATION_CONDITIONS = DEBUG;
				SWIFT_OPTIMIZATION_LEVEL = "-Onone";
			};
			name = Debug;
		};
		D15658E626820332007EDBF6 /* Release */ = {
			isa = XCBuildConfiguration;
			buildSettings = {
				ALWAYS_SEARCH_USER_PATHS = NO;
				CLANG_ANALYZER_NONNULL = YES;
				CLANG_ANALYZER_NUMBER_OBJECT_CONVERSION = YES_AGGRESSIVE;
				CLANG_CXX_LANGUAGE_STANDARD = "gnu++14";
				CLANG_CXX_LIBRARY = "libc++";
				CLANG_ENABLE_MODULES = YES;
				CLANG_ENABLE_OBJC_ARC = YES;
				CLANG_ENABLE_OBJC_WEAK = YES;
				CLANG_WARN_BLOCK_CAPTURE_AUTORELEASING = YES;
				CLANG_WARN_BOOL_CONVERSION = YES;
				CLANG_WARN_COMMA = YES;
				CLANG_WARN_CONSTANT_CONVERSION = YES;
				CLANG_WARN_DEPRECATED_OBJC_IMPLEMENTATIONS = YES;
				CLANG_WARN_DIRECT_OBJC_ISA_USAGE = YES_ERROR;
				CLANG_WARN_DOCUMENTATION_COMMENTS = YES;
				CLANG_WARN_EMPTY_BODY = YES;
				CLANG_WARN_ENUM_CONVERSION = YES;
				CLANG_WARN_INFINITE_RECURSION = YES;
				CLANG_WARN_INT_CONVERSION = YES;
				CLANG_WARN_NON_LITERAL_NULL_CONVERSION = YES;
				CLANG_WARN_OBJC_IMPLICIT_RETAIN_SELF = YES;
				CLANG_WARN_OBJC_LITERAL_CONVERSION = YES;
				CLANG_WARN_OBJC_ROOT_CLASS = YES_ERROR;
				CLANG_WARN_QUOTED_INCLUDE_IN_FRAMEWORK_HEADER = YES;
				CLANG_WARN_RANGE_LOOP_ANALYSIS = YES;
				CLANG_WARN_STRICT_PROTOTYPES = YES;
				CLANG_WARN_SUSPICIOUS_MOVE = YES;
				CLANG_WARN_UNGUARDED_AVAILABILITY = YES_AGGRESSIVE;
				CLANG_WARN_UNREACHABLE_CODE = YES;
				CLANG_WARN__DUPLICATE_METHOD_MATCH = YES;
				COPY_PHASE_STRIP = NO;
				DEBUG_INFORMATION_FORMAT = "dwarf-with-dsym";
				ENABLE_NS_ASSERTIONS = NO;
				ENABLE_STRICT_OBJC_MSGSEND = YES;
				GCC_C_LANGUAGE_STANDARD = gnu11;
				GCC_NO_COMMON_BLOCKS = YES;
				GCC_WARN_64_TO_32_BIT_CONVERSION = YES;
				GCC_WARN_ABOUT_RETURN_TYPE = YES_ERROR;
				GCC_WARN_UNDECLARED_SELECTOR = YES;
				GCC_WARN_UNINITIALIZED_AUTOS = YES_AGGRESSIVE;
				GCC_WARN_UNUSED_FUNCTION = YES;
				GCC_WARN_UNUSED_VARIABLE = YES;
				IPHONEOS_DEPLOYMENT_TARGET = 14.5;
				MTL_ENABLE_DEBUG_INFO = NO;
				MTL_FAST_MATH = YES;
				SDKROOT = iphoneos;
				SWIFT_COMPILATION_MODE = wholemodule;
				SWIFT_OPTIMIZATION_LEVEL = "-O";
				VALIDATE_PRODUCT = YES;
			};
			name = Release;
		};
		D15658E826820332007EDBF6 /* Debug */ = {
			isa = XCBuildConfiguration;
			buildSettings = {
				ASSETCATALOG_COMPILER_APPICON_NAME = AppIcon;
				ASSETCATALOG_COMPILER_GLOBAL_ACCENT_COLOR_NAME = AccentColor;
				CODE_SIGN_STYLE = Automatic;
				DEVELOPMENT_TEAM = 6339ZWMFHV;
				INFOPLIST_FILE = ProximityAirQualityMonitor/Info.plist;
				LD_RUNPATH_SEARCH_PATHS = (
					"$(inherited)",
					"@executable_path/Frameworks",
				);
				PRODUCT_BUNDLE_IDENTIFIER = crickabhi.ProximityAirQualityMonitor;
				PRODUCT_NAME = "$(TARGET_NAME)";
				SWIFT_VERSION = 5.0;
				TARGETED_DEVICE_FAMILY = "1,2";
			};
			name = Debug;
		};
		D15658E926820332007EDBF6 /* Release */ = {
			isa = XCBuildConfiguration;
			buildSettings = {
				ASSETCATALOG_COMPILER_APPICON_NAME = AppIcon;
				ASSETCATALOG_COMPILER_GLOBAL_ACCENT_COLOR_NAME = AccentColor;
				CODE_SIGN_STYLE = Automatic;
				DEVELOPMENT_TEAM = 6339ZWMFHV;
				INFOPLIST_FILE = ProximityAirQualityMonitor/Info.plist;
				LD_RUNPATH_SEARCH_PATHS = (
					"$(inherited)",
					"@executable_path/Frameworks",
				);
				PRODUCT_BUNDLE_IDENTIFIER = crickabhi.ProximityAirQualityMonitor;
				PRODUCT_NAME = "$(TARGET_NAME)";
				SWIFT_VERSION = 5.0;
				TARGETED_DEVICE_FAMILY = "1,2";
			};
			name = Release;
		};
		D15658EB26820332007EDBF6 /* Debug */ = {
			isa = XCBuildConfiguration;
			buildSettings = {
				ALWAYS_EMBED_SWIFT_STANDARD_LIBRARIES = YES;
				BUNDLE_LOADER = "$(TEST_HOST)";
				CODE_SIGN_STYLE = Automatic;
				DEVELOPMENT_TEAM = 6339ZWMFHV;
				INFOPLIST_FILE = ProximityAirQualityMonitorTests/Info.plist;
				IPHONEOS_DEPLOYMENT_TARGET = 14.5;
				LD_RUNPATH_SEARCH_PATHS = (
					"$(inherited)",
					"@executable_path/Frameworks",
					"@loader_path/Frameworks",
				);
				PRODUCT_BUNDLE_IDENTIFIER = crickabhi.ProximityAirQualityMonitorTests;
				PRODUCT_NAME = "$(TARGET_NAME)";
				SWIFT_VERSION = 5.0;
				TARGETED_DEVICE_FAMILY = "1,2";
				TEST_HOST = "$(BUILT_PRODUCTS_DIR)/ProximityAirQualityMonitor.app/ProximityAirQualityMonitor";
			};
			name = Debug;
		};
		D15658EC26820332007EDBF6 /* Release */ = {
			isa = XCBuildConfiguration;
			buildSettings = {
				ALWAYS_EMBED_SWIFT_STANDARD_LIBRARIES = YES;
				BUNDLE_LOADER = "$(TEST_HOST)";
				CODE_SIGN_STYLE = Automatic;
				DEVELOPMENT_TEAM = 6339ZWMFHV;
				INFOPLIST_FILE = ProximityAirQualityMonitorTests/Info.plist;
				IPHONEOS_DEPLOYMENT_TARGET = 14.5;
				LD_RUNPATH_SEARCH_PATHS = (
					"$(inherited)",
					"@executable_path/Frameworks",
					"@loader_path/Frameworks",
				);
				PRODUCT_BUNDLE_IDENTIFIER = crickabhi.ProximityAirQualityMonitorTests;
				PRODUCT_NAME = "$(TARGET_NAME)";
				SWIFT_VERSION = 5.0;
				TARGETED_DEVICE_FAMILY = "1,2";
				TEST_HOST = "$(BUILT_PRODUCTS_DIR)/ProximityAirQualityMonitor.app/ProximityAirQualityMonitor";
			};
			name = Release;
		};
		D15658EE26820332007EDBF6 /* Debug */ = {
			isa = XCBuildConfiguration;
			buildSettings = {
				ALWAYS_EMBED_SWIFT_STANDARD_LIBRARIES = YES;
				CODE_SIGN_STYLE = Automatic;
				DEVELOPMENT_TEAM = 6339ZWMFHV;
				INFOPLIST_FILE = ProximityAirQualityMonitorUITests/Info.plist;
				LD_RUNPATH_SEARCH_PATHS = (
					"$(inherited)",
					"@executable_path/Frameworks",
					"@loader_path/Frameworks",
				);
				PRODUCT_BUNDLE_IDENTIFIER = crickabhi.ProximityAirQualityMonitorUITests;
				PRODUCT_NAME = "$(TARGET_NAME)";
				SWIFT_VERSION = 5.0;
				TARGETED_DEVICE_FAMILY = "1,2";
				TEST_TARGET_NAME = ProximityAirQualityMonitor;
			};
			name = Debug;
		};
		D15658EF26820332007EDBF6 /* Release */ = {
			isa = XCBuildConfiguration;
			buildSettings = {
				ALWAYS_EMBED_SWIFT_STANDARD_LIBRARIES = YES;
				CODE_SIGN_STYLE = Automatic;
				DEVELOPMENT_TEAM = 6339ZWMFHV;
				INFOPLIST_FILE = ProximityAirQualityMonitorUITests/Info.plist;
				LD_RUNPATH_SEARCH_PATHS = (
					"$(inherited)",
					"@executable_path/Frameworks",
					"@loader_path/Frameworks",
				);
				PRODUCT_BUNDLE_IDENTIFIER = crickabhi.ProximityAirQualityMonitorUITests;
				PRODUCT_NAME = "$(TARGET_NAME)";
				SWIFT_VERSION = 5.0;
				TARGETED_DEVICE_FAMILY = "1,2";
				TEST_TARGET_NAME = ProximityAirQualityMonitor;
			};
			name = Release;
		};
/* End XCBuildConfiguration section */

/* Begin XCConfigurationList section */
		D15658B82682032F007EDBF6 /* Build configuration list for PBXProject "ProximityAirQualityMonitor" */ = {
			isa = XCConfigurationList;
			buildConfigurations = (
				D15658E526820332007EDBF6 /* Debug */,
				D15658E626820332007EDBF6 /* Release */,
			);
			defaultConfigurationIsVisible = 0;
			defaultConfigurationName = Release;
		};
		D15658E726820332007EDBF6 /* Build configuration list for PBXNativeTarget "ProximityAirQualityMonitor" */ = {
			isa = XCConfigurationList;
			buildConfigurations = (
				D15658E826820332007EDBF6 /* Debug */,
				D15658E926820332007EDBF6 /* Release */,
			);
			defaultConfigurationIsVisible = 0;
			defaultConfigurationName = Release;
		};
		D15658EA26820332007EDBF6 /* Build configuration list for PBXNativeTarget "ProximityAirQualityMonitorTests" */ = {
			isa = XCConfigurationList;
			buildConfigurations = (
				D15658EB26820332007EDBF6 /* Debug */,
				D15658EC26820332007EDBF6 /* Release */,
			);
			defaultConfigurationIsVisible = 0;
			defaultConfigurationName = Release;
		};
		D15658ED26820332007EDBF6 /* Build configuration list for PBXNativeTarget "ProximityAirQualityMonitorUITests" */ = {
			isa = XCConfigurationList;
			buildConfigurations = (
				D15658EE26820332007EDBF6 /* Debug */,
				D15658EF26820332007EDBF6 /* Release */,
			);
			defaultConfigurationIsVisible = 0;
			defaultConfigurationName = Release;
		};
/* End XCConfigurationList section */
	};
	rootObject = D15658B52682032F007EDBF6 /* Project object */;
}
